
Microsoft Visual Studio Solution File, Format Version 12.00
# Visual Studio Version 17
VisualStudioVersion = 17.4.33205.214
MinimumVisualStudioVersion = 10.0.40219.1
Project("{9A19103F-16F7-4668-BE54-9A1E7A4F7556}") = "Ecommerce", "Ecommerce\Ecommerce.csproj", "{51956053-2EDF-47B8-BF99-0A34E12473D6}"
EndProject
Project("{9A19103F-16F7-4668-BE54-9A1E7A4F7556}") = "EcommerceModels", "EcommerceModels\EcommerceModels.csproj", "{427DF066-824C-4907-AE56-2563A5EE1079}"
EndProject
Project("{9A19103F-16F7-4668-BE54-9A1E7A4F7556}") = "EcommerceInterfaces", "EcommerceInterfaces\EcommerceInterfaces.csproj", "{FF5E40C8-A2A3-4464-9EFE-DABB451DF7E4}"
EndProject
Project("{9A19103F-16F7-4668-BE54-9A1E7A4F7556}") = "EcommerceRepositories", "EcommerceRepositories\EcommerceRepositories.csproj", "{D4F5BA01-ADB7-46C2-84AF-3E34397C0119}"
EndProject
Project("{2150E333-8FDC-42A3-9474-1A3956D46DE8}") = "Solution Items", "Solution Items", "{1939FCCD-998E-4AAC-9996-A84BFB926760}"
EndProject
Global
	GlobalSection(SolutionConfigurationPlatforms) = preSolution
		Debug|Any CPU = Debug|Any CPU
		Release|Any CPU = Release|Any CPU
	EndGlobalSection
	GlobalSection(ProjectConfigurationPlatforms) = postSolution
		{51956053-2EDF-47B8-BF99-0A34E12473D6}.Debug|Any CPU.ActiveCfg = Debug|Any CPU
		{51956053-2EDF-47B8-BF99-0A34E12473D6}.Debug|Any CPU.Build.0 = Debug|Any CPU
		{51956053-2EDF-47B8-BF99-0A34E12473D6}.Release|Any CPU.ActiveCfg = Release|Any CPU
		{51956053-2EDF-47B8-BF99-0A34E12473D6}.Release|Any CPU.Build.0 = Release|Any CPU
		{427DF066-824C-4907-AE56-2563A5EE1079}.Debug|Any CPU.ActiveCfg = Debug|Any CPU
		{427DF066-824C-4907-AE56-2563A5EE1079}.Debug|Any CPU.Build.0 = Debug|Any CPU
		{427DF066-824C-4907-AE56-2563A5EE1079}.Release|Any CPU.ActiveCfg = Release|Any CPU
		{427DF066-824C-4907-AE56-2563A5EE1079}.Release|Any CPU.Build.0 = Release|Any CPU
		{FF5E40C8-A2A3-4464-9EFE-DABB451DF7E4}.Debug|Any CPU.ActiveCfg = Debug|Any CPU
		{FF5E40C8-A2A3-4464-9EFE-DABB451DF7E4}.Debug|Any CPU.Build.0 = Debug|Any CPU
		{FF5E40C8-A2A3-4464-9EFE-DABB451DF7E4}.Release|Any CPU.ActiveCfg = Release|Any CPU
		{FF5E40C8-A2A3-4464-9EFE-DABB451DF7E4}.Release|Any CPU.Build.0 = Release|Any CPU
		{D4F5BA01-ADB7-46C2-84AF-3E34397C0119}.Debug|Any CPU.ActiveCfg = Debug|Any CPU
		{D4F5BA01-ADB7-46C2-84AF-3E34397C0119}.Debug|Any CPU.Build.0 = Debug|Any CPU
		{D4F5BA01-ADB7-46C2-84AF-3E34397C0119}.Release|Any CPU.ActiveCfg = Release|Any CPU
		{D4F5BA01-ADB7-46C2-84AF-3E34397C0119}.Release|Any CPU.Build.0 = Release|Any CPU
	EndGlobalSection
	GlobalSection(SolutionProperties) = preSolution
		HideSolutionNode = FALSE
	EndGlobalSection
	GlobalSection(ExtensibilityGlobals) = postSolution
		SolutionGuid = {9143790F-FBB7-4CB0-9F3F-15345707FE7E}
	EndGlobalSection
EndGlobal
